{
  "name": "Ambatu-Rich",
  "lockfileVersion": 3,
  "requires": true,
  "packages": {
    "": {
      "dependencies": {
        "@radix-ui/react-label": "^2.1.2",
        "@tabler/icons-react": "^3.31.0",
        "motion": "^12.4.11"
      }
    },
    "node_modules/@radix-ui/react-compose-refs": {
      "version": "1.1.2",
      "resolved": "https://registry.npmjs.org/@radix-ui/react-compose-refs/-/react-compose-refs-1.1.2.tgz",
      "integrity": "sha512-z4eqJvfiNnFMHIIvXP3CY57y2WJs5g2v3X0zm9mEJkrkNv4rDxu+sg9Jh8EkXyeqBkB7SOcboo9dMVqhyrACIg==",
      "license": "MIT",
      "peerDependencies": {
        "@types/react": "*",
        "react": "^16.8 || ^17.0 || ^18.0 || ^19.0 || ^19.0.0-rc"
      },
      "peerDependenciesMeta": {
        "@types/react": {
          "optional": true
        }
      }
    },
    "node_modules/@radix-ui/react-label": {
      "version": "2.1.4",
      "resolved": "https://registry.npmjs.org/@radix-ui/react-label/-/react-label-2.1.4.tgz",
      "integrity": "sha512-wy3dqizZnZVV4ja0FNnUhIWNwWdoldXrneEyUcVtLYDAt8ovGS4ridtMAOGgXBBIfggL4BOveVWsjXDORdGEQg==",
      "license": "MIT",
      "dependencies": {
        "@radix-ui/react-primitive": "2.1.0"
      },
      "peerDependencies": {
        "@types/react": "*",
        "@types/react-dom": "*",
        "react": "^16.8 || ^17.0 || ^18.0 || ^19.0 || ^19.0.0-rc",
        "react-dom": "^16.8 || ^17.0 || ^18.0 || ^19.0 || ^19.0.0-rc"
      },
      "peerDependenciesMeta": {
        "@types/react": {
          "optional": true
        },
        "@types/react-dom": {
          "optional": true
        }
      }
    },
    "node_modules/@radix-ui/react-primitive": {
      "version": "2.1.0",
      "resolved": "https://registry.npmjs.org/@radix-ui/react-primitive/-/react-primitive-2.1.0.tgz",
      "integrity": "sha512-/J/FhLdK0zVcILOwt5g+dH4KnkonCtkVJsa2G6JmvbbtZfBEI1gMsO3QMjseL4F/SwfAMt1Vc/0XKYKq+xJ1sw==",
      "license": "MIT",
      "dependencies": {
        "@radix-ui/react-slot": "1.2.0"
      },
      "peerDependencies": {
        "@types/react": "*",
        "@types/react-dom": "*",
        "react": "^16.8 || ^17.0 || ^18.0 || ^19.0 || ^19.0.0-rc",
        "react-dom": "^16.8 || ^17.0 || ^18.0 || ^19.0 || ^19.0.0-rc"
      },
      "peerDependenciesMeta": {
        "@types/react": {
          "optional": true
        },
        "@types/react-dom": {
          "optional": true
        }
      }
    },
    "node_modules/@radix-ui/react-slot": {
      "version": "1.2.0",
      "resolved": "https://registry.npmjs.org/@radix-ui/react-slot/-/react-slot-1.2.0.tgz",
      "integrity": "sha512-ujc+V6r0HNDviYqIK3rW4ffgYiZ8g5DEHrGJVk4x7kTlLXRDILnKX9vAUYeIsLOoDpDJ0ujpqMkjH4w2ofuo6w==",
      "license": "MIT",
      "dependencies": {
        "@radix-ui/react-compose-refs": "1.1.2"
      },
      "peerDependencies": {
        "@types/react": "*",
        "react": "^16.8 || ^17.0 || ^18.0 || ^19.0 || ^19.0.0-rc"
      },
      "peerDependenciesMeta": {
        "@types/react": {
          "optional": true
        }
      }
    },
    "node_modules/@tabler/icons": {
      "version": "3.31.0",
      "resolved": "https://registry.npmjs.org/@tabler/icons/-/icons-3.31.0.tgz",
      "integrity": "sha512-dblAdeKY3+GA1U+Q9eziZ0ooVlZMHsE8dqP0RkwvRtEsAULoKOYaCUOcJ4oW1DjWegdxk++UAt2SlQVnmeHv+g==",
      "license": "MIT",
      "funding": {
        "type": "github",
        "url": "https://github.com/sponsors/codecalm"
      }
    },
    "node_modules/@tabler/icons-react": {
      "version": "3.31.0",
      "resolved": "https://registry.npmjs.org/@tabler/icons-react/-/icons-react-3.31.0.tgz",
      "integrity": "sha512-2rrCM5y/VnaVKnORpDdAua9SEGuJKVqPtWxeQ/vUVsgaUx30LDgBZph7/lterXxDY1IKR6NO//HDhWiifXTi3w==",
      "license": "MIT",
      "dependencies": {
        "@tabler/icons": "3.31.0"
      },
      "funding": {
        "type": "github",
        "url": "https://github.com/sponsors/codecalm"
      },
      "peerDependencies": {
        "react": ">= 16"
      }
    },
    "node_modules/framer-motion": {
      "version": "12.9.2",
      "resolved": "https://registry.npmjs.org/framer-motion/-/framer-motion-12.9.2.tgz",
      "integrity": "sha512-R0O3Jdqbfwywpm45obP+8sTgafmdEcUoShQTAV+rB5pi+Y1Px/FYL5qLLRe5tPtBdN1J4jos7M+xN2VV2oEAbQ==",
      "license": "MIT",
      "dependencies": {
        "motion-dom": "^12.9.1",
        "motion-utils": "^12.8.3",
        "tslib": "^2.4.0"
      },
      "peerDependencies": {
        "@emotion/is-prop-valid": "*",
        "react": "^18.0.0 || ^19.0.0",
        "react-dom": "^18.0.0 || ^19.0.0"
      },
      "peerDependenciesMeta": {
        "@emotion/is-prop-valid": {
          "optional": true
        },
        "react": {
          "optional": true
        },
        "react-dom": {
          "optional": true
        }
      }
    },
    "node_modules/motion": {
      "version": "12.9.2",
      "resolved": "https://registry.npmjs.org/motion/-/motion-12.9.2.tgz",
      "integrity": "sha512-2hwi4wlOpt/zDHcDZATL2FFhYgj2n6t5Hd0UT91swMup6dx6KpFRkTydYJkkV0PUImT1QfC+WT5d0eRekTKpcg==",
      "license": "MIT",
      "dependencies": {
        "framer-motion": "^12.9.2",
        "tslib": "^2.4.0"
      },
      "peerDependencies": {
        "@emotion/is-prop-valid": "*",
        "react": "^18.0.0 || ^19.0.0",
        "react-dom": "^18.0.0 || ^19.0.0"
      },
      "peerDependenciesMeta": {
        "@emotion/is-prop-valid": {
          "optional": true
        },
        "react": {
          "optional": true
        },
        "react-dom": {
          "optional": true
        }
      }
    },
    "node_modules/motion-dom": {
      "version": "12.9.1",
      "resolved": "https://registry.npmjs.org/motion-dom/-/motion-dom-12.9.1.tgz",
      "integrity": "sha512-xqXEwRLDYDTzOgXobSoWtytRtGlf7zdkRfFbrrdP7eojaGQZ5Go4OOKtgnx7uF8sAkfr1ZjMvbCJSCIT2h6fkQ==",
      "license": "MIT",
      "dependencies": {
        "motion-utils": "^12.8.3"
      }
    },
    "node_modules/motion-utils": {
      "version": "12.8.3",
      "resolved": "https://registry.npmjs.org/motion-utils/-/motion-utils-12.8.3.tgz",
      "integrity": "sha512-GYVauZEbca8/zOhEiYOY9/uJeedYQld6co/GJFKOy//0c/4lDqk0zB549sBYqqV2iMuX+uHrY1E5zd8A2L+1Lw==",
      "license": "MIT"
    },
    "node_modules/react": {
      "version": "19.1.0",
      "resolved": "https://registry.npmjs.org/react/-/react-19.1.0.tgz",
      "integrity": "sha512-FS+XFBNvn3GTAWq26joslQgWNoFu08F4kl0J4CgdNKADkdSGXQyTCnKteIAJy96Br6YbpEU1LSzV5dYtjMkMDg==",
      "license": "MIT",
      "peer": true,
      "engines": {
        "node": ">=0.10.0"
      }
    },
    "node_modules/react-dom": {
      "version": "19.1.0",
      "resolved": "https://registry.npmjs.org/react-dom/-/react-dom-19.1.0.tgz",
      "integrity": "sha512-Xs1hdnE+DyKgeHJeJznQmYMIBG3TKIHJJT95Q58nHLSrElKlGQqDTR2HQ9fx5CN/Gk6Vh/kupBTDLU11/nDk/g==",
      "license": "MIT",
      "peer": true,
      "dependencies": {
        "scheduler": "^0.26.0"
      },
      "peerDependencies": {
        "react": "^19.1.0"
      }
    },
    "node_modules/scheduler": {
      "version": "0.26.0",
      "resolved": "https://registry.npmjs.org/scheduler/-/scheduler-0.26.0.tgz",
      "integrity": "sha512-NlHwttCI/l5gCPR3D1nNXtWABUmBwvZpEQiD4IXSbIDq8BzLIK/7Ir5gTFSGZDUu37K5cMNp0hFtzO38sC7gWA==",
      "license": "MIT",
      "peer": true
    },
    "node_modules/tslib": {
      "version": "2.8.1",
      "resolved": "https://registry.npmjs.org/tslib/-/tslib-2.8.1.tgz",
      "integrity": "sha512-oJFu94HQb+KVduSUQL7wnpmqnfmLsOA/nAh6b6EH0wCEoK0/mPeXU6c3wKDV83MkOuHPRHtSXKKU99IBazS/2w==",
      "license": "0BSD"
    }
  }
}
